
Microsoft Visual Studio Solution File, Format Version 12.00
# Visual Studio Version 16
VisualStudioVersion = 16.0.30907.101
MinimumVisualStudioVersion = 10.0.40219.1
Project("{FAE04EC0-301F-11D3-BF4B-00C04F79EFBC}") = "Kursovaya", "Kursovaya\Kursovaya.csproj", "{89BC9FD9-D1B8-42BF-A940-1E8D9B29903A}"
EndProject
Global
	GlobalSection(SolutionConfigurationPlatforms) = preSolution
		Debug|Any CPU = Debug|Any CPU
		Release|Any CPU = Release|Any CPU
	EndGlobalSection
	GlobalSection(ProjectConfigurationPlatforms) = postSolution
		{89BC9FD9-D1B8-42BF-A940-1E8D9B29903A}.Debug|Any CPU.ActiveCfg = Debug|Any CPU
		{89BC9FD9-D1B8-42BF-A940-1E8D9B29903A}.Debug|Any CPU.Build.0 = Debug|Any CPU
		{89BC9FD9-D1B8-42BF-A940-1E8D9B29903A}.Release|Any CPU.ActiveCfg = Release|Any CPU
		{89BC9FD9-D1B8-42BF-A940-1E8D9B29903A}.Release|Any CPU.Build.0 = Release|Any CPU
	EndGlobalSection
	GlobalSection(SolutionProperties) = preSolution
		HideSolutionNode = FALSE
	EndGlobalSection
	GlobalSection(ExtensibilityGlobals) = postSolution
		SolutionGuid = {15E52083-C7D9-49BF-8CCF-A52CFC45C3F0}
	EndGlobalSection
EndGlobal
